
Microsoft Visual Studio Solution File, Format Version 12.00
# Visual Studio Version 17
VisualStudioVersion = 17.5.002.0
MinimumVisualStudioVersion = 10.0.40219.1
Project("{9A19103F-16F7-4668-BE54-9A1E7A4F7556}") = "RockPaperScissors", "RockPaperScissors.csproj", "{F08CB61D-E154-4288-86A2-DEBB523A2FD9}"
EndProject
Global
	GlobalSection(SolutionConfigurationPlatforms) = preSolution
		Debug|Any CPU = Debug|Any CPU
		Release|Any CPU = Release|Any CPU
	EndGlobalSection
	GlobalSection(ProjectConfigurationPlatforms) = postSolution
		{F08CB61D-E154-4288-86A2-DEBB523A2FD9}.Debug|Any CPU.ActiveCfg = Debug|Any CPU
		{F08CB61D-E154-4288-86A2-DEBB523A2FD9}.Debug|Any CPU.Build.0 = Debug|Any CPU
		{F08CB61D-E154-4288-86A2-DEBB523A2FD9}.Release|Any CPU.ActiveCfg = Release|Any CPU
		{F08CB61D-E154-4288-86A2-DEBB523A2FD9}.Release|Any CPU.Build.0 = Release|Any CPU
	EndGlobalSection
	GlobalSection(SolutionProperties) = preSolution
		HideSolutionNode = FALSE
	EndGlobalSection
	GlobalSection(ExtensibilityGlobals) = postSolution
		SolutionGuid = {E443ED12-7911-4366-BA75-F39F5D6796CE}
	EndGlobalSection
EndGlobal
